
Microsoft Visual Studio Solution File, Format Version 12.00
# Visual Studio Version 17
VisualStudioVersion = 17.9.34622.214
MinimumVisualStudioVersion = 10.0.40219.1
Project("{9A19103F-16F7-4668-BE54-9A1E7A4F7556}") = "Lesson2Classwork", "Lesson2\Lesson2Classwork.csproj", "{5D25D003-4B44-4506-B1C9-BEC0D66B4CB4}"
EndProject
Project("{9A19103F-16F7-4668-BE54-9A1E7A4F7556}") = "Lesson5", "Lesson5\Lesson5.csproj", "{78EB2D5C-7DE1-4A43-A689-BF758E2D96AA}"
EndProject
Project("{9A19103F-16F7-4668-BE54-9A1E7A4F7556}") = "SbornikZadach", "SbornikZadach\SbornikZadach.csproj", "{95FB207D-3D70-4DDD-8FDC-FCD087BDF429}"
EndProject
Project("{9A19103F-16F7-4668-BE54-9A1E7A4F7556}") = "Lesson 4", "Lesson 4\Lesson 4.csproj", "{E41EA2EA-9BBD-4548-919A-48569C25D13A}"
EndProject
Project("{9A19103F-16F7-4668-BE54-9A1E7A4F7556}") = "Lesson5_2", "Lesson 6\Lesson5_2.csproj", "{4E63552D-0BCA-4DFE-99DC-F910DD3C7EB1}"
EndProject
Project("{9A19103F-16F7-4668-BE54-9A1E7A4F7556}") = "Lesson6", "Lesson6\Lesson6.csproj", "{0FD43975-0F3B-4D1B-9FC9-69F19D1159B9}"
EndProject
Project("{9A19103F-16F7-4668-BE54-9A1E7A4F7556}") = "Lesson6_2", "Lesson6_2\Lesson6_2.csproj", "{D1D6731F-0BCB-4F57-A0D7-6D1A203C9B23}"
EndProject
Project("{9A19103F-16F7-4668-BE54-9A1E7A4F7556}") = "Lesson7Classwork", "Lesson7Classwork\Lesson7Classwork.csproj", "{9ACF60D8-B713-427B-B14F-84EB19DE4836}"
EndProject
Project("{9A19103F-16F7-4668-BE54-9A1E7A4F7556}") = "Classwork Tema 8", "Classwork Tema 8\Classwork Tema 8.csproj", "{2F5904ED-3D35-432B-B252-4EFDB17A6922}"
EndProject
Project("{9A19103F-16F7-4668-BE54-9A1E7A4F7556}") = "Lesson8_1", "Lesson8_1\Lesson8_1.csproj", "{5154AC48-1147-4F01-B22E-118B8E47FD41}"
EndProject
Project("{9A19103F-16F7-4668-BE54-9A1E7A4F7556}") = "Lesson8_2", "Lesson8_2\Lesson8_2.csproj", "{A93F408B-394B-4045-A27B-B211398632FC}"
EndProject
Project("{2150E333-8FDC-42A3-9474-1A3956D46DE8}") = "Classwork", "Classwork", "{B5260217-77E2-4298-8D54-9AC957051BC5}"
EndProject
Project("{2150E333-8FDC-42A3-9474-1A3956D46DE8}") = "Homework", "Homework", "{53B4B652-6143-40B8-92E5-95A9C8D1D254}"
EndProject
Project("{2150E333-8FDC-42A3-9474-1A3956D46DE8}") = "Solution Items", "Solution Items", "{719F3EF4-EEC7-45EE-A97D-A6678BC75D18}"
EndProject
Project("{9A19103F-16F7-4668-BE54-9A1E7A4F7556}") = "Lesson9Classwork", "Lesson9Classwork\Lesson9Classwork.csproj", "{CE5A6788-CA9A-4955-BDE5-A071A93E34E7}"
EndProject
Project("{9A19103F-16F7-4668-BE54-9A1E7A4F7556}") = "Lesson10", "Lesson10\Lesson10.csproj", "{4E73A5F8-23DD-424C-9E92-5B7C942DFC7A}"
EndProject
Project("{9A19103F-16F7-4668-BE54-9A1E7A4F7556}") = "Lesson11", "Lesson11\Lesson11.csproj", "{09E4A2F4-7E8C-422F-B772-050963D5DB11}"
EndProject
Project("{9A19103F-16F7-4668-BE54-9A1E7A4F7556}") = "Lesson9_1", "Lesson9_1\Lesson9_1.csproj", "{7B69D1B9-C3EF-4971-8561-58D722D0E419}"
EndProject
Project("{9A19103F-16F7-4668-BE54-9A1E7A4F7556}") = "Lesson9_2", "Lesson9_2\Lesson9_2.csproj", "{DF5E8B79-F5BD-4A3D-9748-1C4F257CE849}"
EndProject
Project("{9A19103F-16F7-4668-BE54-9A1E7A4F7556}") = "Lesson10_1", "Lesson10_1\Lesson10_1.csproj", "{E9291B47-2524-496B-B449-37460696BF10}"
EndProject
Project("{9A19103F-16F7-4668-BE54-9A1E7A4F7556}") = "Lesson10_2", "Lesson10_2\Lesson10_2.csproj", "{05C639CD-7AC0-4C28-B5E2-E30E1C80B1DD}"
EndProject
Project("{9A19103F-16F7-4668-BE54-9A1E7A4F7556}") = "Lesson12", "Lesson12\Lesson12.csproj", "{9BD6CEC4-D464-4277-A1E0-8F66F2540343}"
EndProject
Project("{9A19103F-16F7-4668-BE54-9A1E7A4F7556}") = "Lesson11_1", "Lesson11_1\Lesson11_1.csproj", "{D59993E9-6C86-4175-B748-69344C0EC07D}"
EndProject
Project("{9A19103F-16F7-4668-BE54-9A1E7A4F7556}") = "Lesson11_2", "Lesson11_2\Lesson11_2.csproj", "{BF6105CA-4538-4F47-9B6E-EC4A095FAB8C}"
EndProject
Project("{9A19103F-16F7-4668-BE54-9A1E7A4F7556}") = "Lesson12_swich", "Lesson12_swich\Lesson12_swich.csproj", "{CFD95F0A-083A-49D5-BB5E-D52C7DB8C662}"
EndProject
Project("{9A19103F-16F7-4668-BE54-9A1E7A4F7556}") = "Lesson11_3", "Lesson11_3\Lesson11_3.csproj", "{E0F7989F-567C-4FE1-B2F2-4EE63A5F5918}"
EndProject
Project("{9A19103F-16F7-4668-BE54-9A1E7A4F7556}") = "Lesson11_4", "Lesson11_4\Lesson11_4.csproj", "{F2AB0CD2-A253-41E0-9A2C-6C75DA61E0A4}"
EndProject
Project("{9A19103F-16F7-4668-BE54-9A1E7A4F7556}") = "Lesson14", "Lesson14\Lesson14.csproj", "{49159329-DE2F-4BC7-BCAA-DFA99DF8E98F}"
EndProject
Project("{9A19103F-16F7-4668-BE54-9A1E7A4F7556}") = "Lesson13", "Lesson13\Lesson13.csproj", "{BFAB95C5-D637-41F0-B93A-13D2CCE62BF3}"
EndProject
Project("{9A19103F-16F7-4668-BE54-9A1E7A4F7556}") = "Lesson13_2", "Lesson13_2\Lesson13_2.csproj", "{C461DA61-6998-4819-ABED-4C1F91DA54BB}"
EndProject
Project("{9A19103F-16F7-4668-BE54-9A1E7A4F7556}") = "Lesson15", "Lesson15\Lesson15.csproj", "{FBF04F4B-E9FA-4829-9A34-E2DCA15367DD}"
EndProject
Project("{9A19103F-16F7-4668-BE54-9A1E7A4F7556}") = "Lesson15_sort", "Lesson15_sort\Lesson15_sort.csproj", "{A85F70D4-F9C1-4B92-B5A0-D9A205E545DE}"
EndProject
Project("{9A19103F-16F7-4668-BE54-9A1E7A4F7556}") = "Lesson15object", "Lesson15object\Lesson15object.csproj", "{506A4092-74F7-4869-B2D1-2DBCE8CB4398}"
EndProject
Project("{9A19103F-16F7-4668-BE54-9A1E7A4F7556}") = "Lesson16", "Lesson16\Lesson16.csproj", "{D927763B-6599-4B45-8B74-9EBBA823C282}"
EndProject
Project("{9A19103F-16F7-4668-BE54-9A1E7A4F7556}") = "Lesson13_2 hw", "Lesson13_2 hw\Lesson13_2 hw.csproj", "{E85EAC7C-A14D-4D25-96A9-6B4242F2679C}"
EndProject
Project("{9A19103F-16F7-4668-BE54-9A1E7A4F7556}") = "Lesson14_1", "Lesson14_1\Lesson14_1.csproj", "{0C341FCB-06CD-451E-BA18-AEBC1A803FCB}"
EndProject
Project("{9A19103F-16F7-4668-BE54-9A1E7A4F7556}") = "Lesson14_2", "Lesson14_2\Lesson14_2.csproj", "{A6BF1BE0-1C7C-4B23-87E8-0DBE8CC99342}"
EndProject
Project("{9A19103F-16F7-4668-BE54-9A1E7A4F7556}") = "Lesson15_1", "Lesson15_1\Lesson15_1.csproj", "{35F9BAC0-D3FC-4D12-88B1-D98F1E1A4E48}"
EndProject
Project("{9A19103F-16F7-4668-BE54-9A1E7A4F7556}") = "Lesson15_2", "Lesson15_2\Lesson15_2.csproj", "{32418E89-FEF9-4A98-86BB-E85D8B55A2ED}"
EndProject
Project("{9A19103F-16F7-4668-BE54-9A1E7A4F7556}") = "Lesson15_3", "Lesson15_3\Lesson15_3.csproj", "{388C552D-F5B0-4893-B290-51F7AA5F4137}"
EndProject
Project("{9A19103F-16F7-4668-BE54-9A1E7A4F7556}") = "Lesson15_4", "Lesson15_4\Lesson15_4.csproj", "{47820643-AAB7-4A48-8C53-C896B1A350C7}"
EndProject
Project("{9A19103F-16F7-4668-BE54-9A1E7A4F7556}") = "Lesson16_4 Planer", "Lesson16_4 Planer\Lesson16_4 Planer.csproj", "{8B99F779-E7CB-42FB-A663-BB888FF1092D}"
EndProject
Project("{9A19103F-16F7-4668-BE54-9A1E7A4F7556}") = "Lesson16_zadachi", "Lesson16_zadachi\Lesson16_zadachi.csproj", "{DACD934F-1957-4D35-8AAE-7FAC3022E630}"
EndProject
Project("{9A19103F-16F7-4668-BE54-9A1E7A4F7556}") = "Lesson17", "Lesson17\Lesson17.csproj", "{7564054C-E99C-47D1-8643-2E29096BA4C8}"
EndProject
Project("{9A19103F-16F7-4668-BE54-9A1E7A4F7556}") = "Lesson13_1 hw", "Lesson13_1 hw\Lesson13_1 hw.csproj", "{62F2FC7F-597C-4A57-95A9-A4F86C66F3F9}"
EndProject
Project("{9A19103F-16F7-4668-BE54-9A1E7A4F7556}") = "Lesson18", "Lesson18\Lesson18.csproj", "{05D9B642-9FC0-4880-B9AE-BCDF5F2A5CEF}"
EndProject
Project("{9A19103F-16F7-4668-BE54-9A1E7A4F7556}") = "Lesson12_2 hw", "Lesson12_2 hw\Lesson12_2 hw.csproj", "{EDFB5D40-0F1B-4F04-A40F-1F62E6734895}"
EndProject
Project("{9A19103F-16F7-4668-BE54-9A1E7A4F7556}") = "Lesson12_1 hw", "Lesson12_1 hw\Lesson12_1 hw.csproj", "{1AB73D5D-D778-4459-A92F-681746E35ED7}"
EndProject
Project("{9A19103F-16F7-4668-BE54-9A1E7A4F7556}") = "Lesson16_1", "Lesson16_1\Lesson16_1.csproj", "{80AF9B50-569F-417E-81C2-8E71D079BE6A}"
EndProject
Project("{9A19103F-16F7-4668-BE54-9A1E7A4F7556}") = "Lesson16_2hw", "Lesson16_2hw\Lesson16_2hw.csproj", "{24F7674F-D724-464E-A45D-E1C64C1BC3B1}"
EndProject
Project("{9A19103F-16F7-4668-BE54-9A1E7A4F7556}") = "Lesson17_1", "Lesson17_1\Lesson17_1.csproj", "{B90DB841-A1F7-4743-A9D0-3034D51BFB1F}"
EndProject
Project("{9A19103F-16F7-4668-BE54-9A1E7A4F7556}") = "Lesson17_2", "Lesson17_2\Lesson17_2.csproj", "{0AEB6F36-BCB7-45AF-8A37-FCE828F70338}"
EndProject
Project("{9A19103F-16F7-4668-BE54-9A1E7A4F7556}") = "Lesson18_1", "Lesson18_1\Lesson18_1.csproj", "{C7589BDB-E224-425B-BD13-EB93BC80B545}"
EndProject
Project("{9A19103F-16F7-4668-BE54-9A1E7A4F7556}") = "snakeGame", "snakeGame\snakeGame.csproj", "{A7212F5C-9EF8-488E-993F-7910BD3C91A2}"
EndProject
Project("{9A19103F-16F7-4668-BE54-9A1E7A4F7556}") = "21(BlackJack)", "21(BlackJack)\21(BlackJack).csproj", "{37ED34B3-0C2A-44E5-8D6F-89D91A7C1AAD}"
EndProject
Project("{9A19103F-16F7-4668-BE54-9A1E7A4F7556}") = "IndependentWork(game)", "IndependentWork(game)\IndependentWork(game).csproj", "{8EFB6C70-511B-4CA7-83E3-494D493AEE7B}"
EndProject
Project("{9A19103F-16F7-4668-BE54-9A1E7A4F7556}") = "Lesson20", "Lesson20\Lesson20.csproj", "{41CE3648-319C-4DA5-B6E0-00674F5251C1}"
EndProject
Project("{9A19103F-16F7-4668-BE54-9A1E7A4F7556}") = "Lesson22", "Lesson22\Lesson22.csproj", "{A9C1A638-210E-4A40-8221-BD48FAD20C1C}"
EndProject
Project("{9A19103F-16F7-4668-BE54-9A1E7A4F7556}") = "Lesson20_1", "Lesson20_1\Lesson20_1.csproj", "{3FD10DD2-7E52-4B1C-BC23-9996823891FD}"
EndProject
Project("{9A19103F-16F7-4668-BE54-9A1E7A4F7556}") = "Lesson20_2", "Lesson20_2\Lesson20_2.csproj", "{37A7720B-9E42-44A5-88EF-01ADD91E72C7}"
EndProject
Project("{9A19103F-16F7-4668-BE54-9A1E7A4F7556}") = "Lesson20_1_2", "Lesson20_1_2\Lesson20_1_2.csproj", "{99BC4E58-495F-4E9B-BC6D-FB1ED4ABD0CA}"
EndProject
Project("{9A19103F-16F7-4668-BE54-9A1E7A4F7556}") = "Lesson23", "Lesson23\Lesson23.csproj", "{259CCB2C-8B02-4B29-A3A6-35C3E7EF2838}"
EndProject
Project("{9A19103F-16F7-4668-BE54-9A1E7A4F7556}") = "Lesson24", "Lesson24\Lesson24.csproj", "{909D9A16-CB26-46E5-8BAE-61026E08E007}"
EndProject
Project("{9A19103F-16F7-4668-BE54-9A1E7A4F7556}") = "Lesson21", "Lesson21\Lesson21.csproj", "{DA5D7114-620B-42A2-ACE8-80C54DE4AE07}"
EndProject
Project("{9A19103F-16F7-4668-BE54-9A1E7A4F7556}") = "Lesson25", "Lesson25\Lesson25.csproj", "{CEA46377-5039-4838-B85B-809BEFB18561}"
EndProject
Project("{9A19103F-16F7-4668-BE54-9A1E7A4F7556}") = "Lesson18_2", "Lesson18_2\Lesson18_2.csproj", "{A76DEF47-9E96-4D2C-AABE-A0F702513E88}"
EndProject
Project("{9A19103F-16F7-4668-BE54-9A1E7A4F7556}") = "Lesson21_1", "Lesson21_1\Lesson21_1.csproj", "{3092DC91-46E7-4FED-AA69-1CDD7ED3D4C2}"
EndProject
Project("{9A19103F-16F7-4668-BE54-9A1E7A4F7556}") = "Lesson21_2", "Lesson21_2\Lesson21_2.csproj", "{553249D2-85AB-46B1-862A-5DEF0C325E8E}"
EndProject
Project("{9A19103F-16F7-4668-BE54-9A1E7A4F7556}") = "Lesson21_3", "Lesson21_3\Lesson21_3.csproj", "{0A450C0B-DB90-40A7-9514-BBBA107AF5BB}"
EndProject
Project("{9A19103F-16F7-4668-BE54-9A1E7A4F7556}") = "Lesson21_4", "Lesson21_4\Lesson21_4.csproj", "{55A0A593-08E4-4AB3-97E9-2D52823358F1}"
EndProject
Project("{9A19103F-16F7-4668-BE54-9A1E7A4F7556}") = "Lesson22_1", "Lesson22_1\Lesson22_1.csproj", "{9FF3A93C-84D7-488D-9A63-362FE4B81CF8}"
EndProject
Project("{9A19103F-16F7-4668-BE54-9A1E7A4F7556}") = "Lesson22_2", "Lesson22_2\Lesson22_2.csproj", "{77B529FC-CE81-4037-821A-EED6D7A98FF5}"
EndProject
Project("{FAE04EC0-301F-11D3-BF4B-00C04F79EFBC}") = "Lesson26", "Lesson26\Lesson26.csproj", "{030A14C7-61B4-4102-8D22-8C7C685C27C1}"
EndProject
Global
	GlobalSection(SolutionConfigurationPlatforms) = preSolution
		Debug|Any CPU = Debug|Any CPU
		Release|Any CPU = Release|Any CPU
	EndGlobalSection
	GlobalSection(ProjectConfigurationPlatforms) = postSolution
		{5D25D003-4B44-4506-B1C9-BEC0D66B4CB4}.Debug|Any CPU.ActiveCfg = Debug|Any CPU
		{5D25D003-4B44-4506-B1C9-BEC0D66B4CB4}.Debug|Any CPU.Build.0 = Debug|Any CPU
		{5D25D003-4B44-4506-B1C9-BEC0D66B4CB4}.Release|Any CPU.ActiveCfg = Release|Any CPU
		{5D25D003-4B44-4506-B1C9-BEC0D66B4CB4}.Release|Any CPU.Build.0 = Release|Any CPU
		{78EB2D5C-7DE1-4A43-A689-BF758E2D96AA}.Debug|Any CPU.ActiveCfg = Debug|Any CPU
		{78EB2D5C-7DE1-4A43-A689-BF758E2D96AA}.Debug|Any CPU.Build.0 = Debug|Any CPU
		{78EB2D5C-7DE1-4A43-A689-BF758E2D96AA}.Release|Any CPU.ActiveCfg = Release|Any CPU
		{78EB2D5C-7DE1-4A43-A689-BF758E2D96AA}.Release|Any CPU.Build.0 = Release|Any CPU
		{95FB207D-3D70-4DDD-8FDC-FCD087BDF429}.Debug|Any CPU.ActiveCfg = Debug|Any CPU
		{95FB207D-3D70-4DDD-8FDC-FCD087BDF429}.Debug|Any CPU.Build.0 = Debug|Any CPU
		{95FB207D-3D70-4DDD-8FDC-FCD087BDF429}.Release|Any CPU.ActiveCfg = Release|Any CPU
		{95FB207D-3D70-4DDD-8FDC-FCD087BDF429}.Release|Any CPU.Build.0 = Release|Any CPU
		{E41EA2EA-9BBD-4548-919A-48569C25D13A}.Debug|Any CPU.ActiveCfg = Debug|Any CPU
		{E41EA2EA-9BBD-4548-919A-48569C25D13A}.Debug|Any CPU.Build.0 = Debug|Any CPU
		{E41EA2EA-9BBD-4548-919A-48569C25D13A}.Release|Any CPU.ActiveCfg = Release|Any CPU
		{E41EA2EA-9BBD-4548-919A-48569C25D13A}.Release|Any CPU.Build.0 = Release|Any CPU
		{4E63552D-0BCA-4DFE-99DC-F910DD3C7EB1}.Debug|Any CPU.ActiveCfg = Debug|Any CPU
		{4E63552D-0BCA-4DFE-99DC-F910DD3C7EB1}.Debug|Any CPU.Build.0 = Debug|Any CPU
		{4E63552D-0BCA-4DFE-99DC-F910DD3C7EB1}.Release|Any CPU.ActiveCfg = Release|Any CPU
		{4E63552D-0BCA-4DFE-99DC-F910DD3C7EB1}.Release|Any CPU.Build.0 = Release|Any CPU
		{0FD43975-0F3B-4D1B-9FC9-69F19D1159B9}.Debug|Any CPU.ActiveCfg = Debug|Any CPU
		{0FD43975-0F3B-4D1B-9FC9-69F19D1159B9}.Debug|Any CPU.Build.0 = Debug|Any CPU
		{0FD43975-0F3B-4D1B-9FC9-69F19D1159B9}.Release|Any CPU.ActiveCfg = Release|Any CPU
		{0FD43975-0F3B-4D1B-9FC9-69F19D1159B9}.Release|Any CPU.Build.0 = Release|Any CPU
		{D1D6731F-0BCB-4F57-A0D7-6D1A203C9B23}.Debug|Any CPU.ActiveCfg = Debug|Any CPU
		{D1D6731F-0BCB-4F57-A0D7-6D1A203C9B23}.Debug|Any CPU.Build.0 = Debug|Any CPU
		{D1D6731F-0BCB-4F57-A0D7-6D1A203C9B23}.Release|Any CPU.ActiveCfg = Release|Any CPU
		{D1D6731F-0BCB-4F57-A0D7-6D1A203C9B23}.Release|Any CPU.Build.0 = Release|Any CPU
		{9ACF60D8-B713-427B-B14F-84EB19DE4836}.Debug|Any CPU.ActiveCfg = Debug|Any CPU
		{9ACF60D8-B713-427B-B14F-84EB19DE4836}.Debug|Any CPU.Build.0 = Debug|Any CPU
		{9ACF60D8-B713-427B-B14F-84EB19DE4836}.Release|Any CPU.ActiveCfg = Release|Any CPU
		{9ACF60D8-B713-427B-B14F-84EB19DE4836}.Release|Any CPU.Build.0 = Release|Any CPU
		{2F5904ED-3D35-432B-B252-4EFDB17A6922}.Debug|Any CPU.ActiveCfg = Debug|Any CPU
		{2F5904ED-3D35-432B-B252-4EFDB17A6922}.Debug|Any CPU.Build.0 = Debug|Any CPU
		{2F5904ED-3D35-432B-B252-4EFDB17A6922}.Release|Any CPU.ActiveCfg = Release|Any CPU
		{2F5904ED-3D35-432B-B252-4EFDB17A6922}.Release|Any CPU.Build.0 = Release|Any CPU
		{5154AC48-1147-4F01-B22E-118B8E47FD41}.Debug|Any CPU.ActiveCfg = Debug|Any CPU
		{5154AC48-1147-4F01-B22E-118B8E47FD41}.Debug|Any CPU.Build.0 = Debug|Any CPU
		{5154AC48-1147-4F01-B22E-118B8E47FD41}.Release|Any CPU.ActiveCfg = Release|Any CPU
		{5154AC48-1147-4F01-B22E-118B8E47FD41}.Release|Any CPU.Build.0 = Release|Any CPU
		{A93F408B-394B-4045-A27B-B211398632FC}.Debug|Any CPU.ActiveCfg = Debug|Any CPU
		{A93F408B-394B-4045-A27B-B211398632FC}.Debug|Any CPU.Build.0 = Debug|Any CPU
		{A93F408B-394B-4045-A27B-B211398632FC}.Release|Any CPU.ActiveCfg = Release|Any CPU
		{A93F408B-394B-4045-A27B-B211398632FC}.Release|Any CPU.Build.0 = Release|Any CPU
		{CE5A6788-CA9A-4955-BDE5-A071A93E34E7}.Debug|Any CPU.ActiveCfg = Debug|Any CPU
		{CE5A6788-CA9A-4955-BDE5-A071A93E34E7}.Debug|Any CPU.Build.0 = Debug|Any CPU
		{CE5A6788-CA9A-4955-BDE5-A071A93E34E7}.Release|Any CPU.ActiveCfg = Release|Any CPU
		{CE5A6788-CA9A-4955-BDE5-A071A93E34E7}.Release|Any CPU.Build.0 = Release|Any CPU
		{4E73A5F8-23DD-424C-9E92-5B7C942DFC7A}.Debug|Any CPU.ActiveCfg = Debug|Any CPU
		{4E73A5F8-23DD-424C-9E92-5B7C942DFC7A}.Debug|Any CPU.Build.0 = Debug|Any CPU
		{4E73A5F8-23DD-424C-9E92-5B7C942DFC7A}.Release|Any CPU.ActiveCfg = Release|Any CPU
		{4E73A5F8-23DD-424C-9E92-5B7C942DFC7A}.Release|Any CPU.Build.0 = Release|Any CPU
		{09E4A2F4-7E8C-422F-B772-050963D5DB11}.Debug|Any CPU.ActiveCfg = Debug|Any CPU
		{09E4A2F4-7E8C-422F-B772-050963D5DB11}.Debug|Any CPU.Build.0 = Debug|Any CPU
		{09E4A2F4-7E8C-422F-B772-050963D5DB11}.Release|Any CPU.ActiveCfg = Release|Any CPU
		{09E4A2F4-7E8C-422F-B772-050963D5DB11}.Release|Any CPU.Build.0 = Release|Any CPU
		{7B69D1B9-C3EF-4971-8561-58D722D0E419}.Debug|Any CPU.ActiveCfg = Debug|Any CPU
		{7B69D1B9-C3EF-4971-8561-58D722D0E419}.Debug|Any CPU.Build.0 = Debug|Any CPU
		{7B69D1B9-C3EF-4971-8561-58D722D0E419}.Release|Any CPU.ActiveCfg = Release|Any CPU
		{7B69D1B9-C3EF-4971-8561-58D722D0E419}.Release|Any CPU.Build.0 = Release|Any CPU
		{DF5E8B79-F5BD-4A3D-9748-1C4F257CE849}.Debug|Any CPU.ActiveCfg = Debug|Any CPU
		{DF5E8B79-F5BD-4A3D-9748-1C4F257CE849}.Debug|Any CPU.Build.0 = Debug|Any CPU
		{DF5E8B79-F5BD-4A3D-9748-1C4F257CE849}.Release|Any CPU.ActiveCfg = Release|Any CPU
		{DF5E8B79-F5BD-4A3D-9748-1C4F257CE849}.Release|Any CPU.Build.0 = Release|Any CPU
		{E9291B47-2524-496B-B449-37460696BF10}.Debug|Any CPU.ActiveCfg = Debug|Any CPU
		{E9291B47-2524-496B-B449-37460696BF10}.Debug|Any CPU.Build.0 = Debug|Any CPU
		{E9291B47-2524-496B-B449-37460696BF10}.Release|Any CPU.ActiveCfg = Release|Any CPU
		{E9291B47-2524-496B-B449-37460696BF10}.Release|Any CPU.Build.0 = Release|Any CPU
		{05C639CD-7AC0-4C28-B5E2-E30E1C80B1DD}.Debug|Any CPU.ActiveCfg = Debug|Any CPU
		{05C639CD-7AC0-4C28-B5E2-E30E1C80B1DD}.Debug|Any CPU.Build.0 = Debug|Any CPU
		{05C639CD-7AC0-4C28-B5E2-E30E1C80B1DD}.Release|Any CPU.ActiveCfg = Release|Any CPU
		{05C639CD-7AC0-4C28-B5E2-E30E1C80B1DD}.Release|Any CPU.Build.0 = Release|Any CPU
		{9BD6CEC4-D464-4277-A1E0-8F66F2540343}.Debug|Any CPU.ActiveCfg = Debug|Any CPU
		{9BD6CEC4-D464-4277-A1E0-8F66F2540343}.Debug|Any CPU.Build.0 = Debug|Any CPU
		{9BD6CEC4-D464-4277-A1E0-8F66F2540343}.Release|Any CPU.ActiveCfg = Release|Any CPU
		{9BD6CEC4-D464-4277-A1E0-8F66F2540343}.Release|Any CPU.Build.0 = Release|Any CPU
		{D59993E9-6C86-4175-B748-69344C0EC07D}.Debug|Any CPU.ActiveCfg = Debug|Any CPU
		{D59993E9-6C86-4175-B748-69344C0EC07D}.Debug|Any CPU.Build.0 = Debug|Any CPU
		{D59993E9-6C86-4175-B748-69344C0EC07D}.Release|Any CPU.ActiveCfg = Release|Any CPU
		{D59993E9-6C86-4175-B748-69344C0EC07D}.Release|Any CPU.Build.0 = Release|Any CPU
		{BF6105CA-4538-4F47-9B6E-EC4A095FAB8C}.Debug|Any CPU.ActiveCfg = Debug|Any CPU
		{BF6105CA-4538-4F47-9B6E-EC4A095FAB8C}.Debug|Any CPU.Build.0 = Debug|Any CPU
		{BF6105CA-4538-4F47-9B6E-EC4A095FAB8C}.Release|Any CPU.ActiveCfg = Release|Any CPU
		{BF6105CA-4538-4F47-9B6E-EC4A095FAB8C}.Release|Any CPU.Build.0 = Release|Any CPU
		{CFD95F0A-083A-49D5-BB5E-D52C7DB8C662}.Debug|Any CPU.ActiveCfg = Debug|Any CPU
		{CFD95F0A-083A-49D5-BB5E-D52C7DB8C662}.Debug|Any CPU.Build.0 = Debug|Any CPU
		{CFD95F0A-083A-49D5-BB5E-D52C7DB8C662}.Release|Any CPU.ActiveCfg = Release|Any CPU
		{CFD95F0A-083A-49D5-BB5E-D52C7DB8C662}.Release|Any CPU.Build.0 = Release|Any CPU
		{E0F7989F-567C-4FE1-B2F2-4EE63A5F5918}.Debug|Any CPU.ActiveCfg = Debug|Any CPU
		{E0F7989F-567C-4FE1-B2F2-4EE63A5F5918}.Debug|Any CPU.Build.0 = Debug|Any CPU
		{E0F7989F-567C-4FE1-B2F2-4EE63A5F5918}.Release|Any CPU.ActiveCfg = Release|Any CPU
		{E0F7989F-567C-4FE1-B2F2-4EE63A5F5918}.Release|Any CPU.Build.0 = Release|Any CPU
		{F2AB0CD2-A253-41E0-9A2C-6C75DA61E0A4}.Debug|Any CPU.ActiveCfg = Debug|Any CPU
		{F2AB0CD2-A253-41E0-9A2C-6C75DA61E0A4}.Debug|Any CPU.Build.0 = Debug|Any CPU
		{F2AB0CD2-A253-41E0-9A2C-6C75DA61E0A4}.Release|Any CPU.ActiveCfg = Release|Any CPU
		{F2AB0CD2-A253-41E0-9A2C-6C75DA61E0A4}.Release|Any CPU.Build.0 = Release|Any CPU
		{49159329-DE2F-4BC7-BCAA-DFA99DF8E98F}.Debug|Any CPU.ActiveCfg = Debug|Any CPU
		{49159329-DE2F-4BC7-BCAA-DFA99DF8E98F}.Debug|Any CPU.Build.0 = Debug|Any CPU
		{49159329-DE2F-4BC7-BCAA-DFA99DF8E98F}.Release|Any CPU.ActiveCfg = Release|Any CPU
		{49159329-DE2F-4BC7-BCAA-DFA99DF8E98F}.Release|Any CPU.Build.0 = Release|Any CPU
		{BFAB95C5-D637-41F0-B93A-13D2CCE62BF3}.Debug|Any CPU.ActiveCfg = Debug|Any CPU
		{BFAB95C5-D637-41F0-B93A-13D2CCE62BF3}.Debug|Any CPU.Build.0 = Debug|Any CPU
		{BFAB95C5-D637-41F0-B93A-13D2CCE62BF3}.Release|Any CPU.ActiveCfg = Release|Any CPU
		{BFAB95C5-D637-41F0-B93A-13D2CCE62BF3}.Release|Any CPU.Build.0 = Release|Any CPU
		{C461DA61-6998-4819-ABED-4C1F91DA54BB}.Debug|Any CPU.ActiveCfg = Debug|Any CPU
		{C461DA61-6998-4819-ABED-4C1F91DA54BB}.Debug|Any CPU.Build.0 = Debug|Any CPU
		{C461DA61-6998-4819-ABED-4C1F91DA54BB}.Release|Any CPU.ActiveCfg = Release|Any CPU
		{C461DA61-6998-4819-ABED-4C1F91DA54BB}.Release|Any CPU.Build.0 = Release|Any CPU
		{FBF04F4B-E9FA-4829-9A34-E2DCA15367DD}.Debug|Any CPU.ActiveCfg = Debug|Any CPU
		{FBF04F4B-E9FA-4829-9A34-E2DCA15367DD}.Debug|Any CPU.Build.0 = Debug|Any CPU
		{FBF04F4B-E9FA-4829-9A34-E2DCA15367DD}.Release|Any CPU.ActiveCfg = Release|Any CPU
		{FBF04F4B-E9FA-4829-9A34-E2DCA15367DD}.Release|Any CPU.Build.0 = Release|Any CPU
		{A85F70D4-F9C1-4B92-B5A0-D9A205E545DE}.Debug|Any CPU.ActiveCfg = Debug|Any CPU
		{A85F70D4-F9C1-4B92-B5A0-D9A205E545DE}.Debug|Any CPU.Build.0 = Debug|Any CPU
		{A85F70D4-F9C1-4B92-B5A0-D9A205E545DE}.Release|Any CPU.ActiveCfg = Release|Any CPU
		{A85F70D4-F9C1-4B92-B5A0-D9A205E545DE}.Release|Any CPU.Build.0 = Release|Any CPU
		{506A4092-74F7-4869-B2D1-2DBCE8CB4398}.Debug|Any CPU.ActiveCfg = Debug|Any CPU
		{506A4092-74F7-4869-B2D1-2DBCE8CB4398}.Debug|Any CPU.Build.0 = Debug|Any CPU
		{506A4092-74F7-4869-B2D1-2DBCE8CB4398}.Release|Any CPU.ActiveCfg = Release|Any CPU
		{506A4092-74F7-4869-B2D1-2DBCE8CB4398}.Release|Any CPU.Build.0 = Release|Any CPU
		{D927763B-6599-4B45-8B74-9EBBA823C282}.Debug|Any CPU.ActiveCfg = Debug|Any CPU
		{D927763B-6599-4B45-8B74-9EBBA823C282}.Debug|Any CPU.Build.0 = Debug|Any CPU
		{D927763B-6599-4B45-8B74-9EBBA823C282}.Release|Any CPU.ActiveCfg = Release|Any CPU
		{D927763B-6599-4B45-8B74-9EBBA823C282}.Release|Any CPU.Build.0 = Release|Any CPU
		{E85EAC7C-A14D-4D25-96A9-6B4242F2679C}.Debug|Any CPU.ActiveCfg = Debug|Any CPU
		{E85EAC7C-A14D-4D25-96A9-6B4242F2679C}.Debug|Any CPU.Build.0 = Debug|Any CPU
		{E85EAC7C-A14D-4D25-96A9-6B4242F2679C}.Release|Any CPU.ActiveCfg = Release|Any CPU
		{E85EAC7C-A14D-4D25-96A9-6B4242F2679C}.Release|Any CPU.Build.0 = Release|Any CPU
		{0C341FCB-06CD-451E-BA18-AEBC1A803FCB}.Debug|Any CPU.ActiveCfg = Debug|Any CPU
		{0C341FCB-06CD-451E-BA18-AEBC1A803FCB}.Debug|Any CPU.Build.0 = Debug|Any CPU
		{0C341FCB-06CD-451E-BA18-AEBC1A803FCB}.Release|Any CPU.ActiveCfg = Release|Any CPU
		{0C341FCB-06CD-451E-BA18-AEBC1A803FCB}.Release|Any CPU.Build.0 = Release|Any CPU
		{A6BF1BE0-1C7C-4B23-87E8-0DBE8CC99342}.Debug|Any CPU.ActiveCfg = Debug|Any CPU
		{A6BF1BE0-1C7C-4B23-87E8-0DBE8CC99342}.Debug|Any CPU.Build.0 = Debug|Any CPU
		{A6BF1BE0-1C7C-4B23-87E8-0DBE8CC99342}.Release|Any CPU.ActiveCfg = Release|Any CPU
		{A6BF1BE0-1C7C-4B23-87E8-0DBE8CC99342}.Release|Any CPU.Build.0 = Release|Any CPU
		{35F9BAC0-D3FC-4D12-88B1-D98F1E1A4E48}.Debug|Any CPU.ActiveCfg = Debug|Any CPU
		{35F9BAC0-D3FC-4D12-88B1-D98F1E1A4E48}.Debug|Any CPU.Build.0 = Debug|Any CPU
		{35F9BAC0-D3FC-4D12-88B1-D98F1E1A4E48}.Release|Any CPU.ActiveCfg = Release|Any CPU
		{35F9BAC0-D3FC-4D12-88B1-D98F1E1A4E48}.Release|Any CPU.Build.0 = Release|Any CPU
		{32418E89-FEF9-4A98-86BB-E85D8B55A2ED}.Debug|Any CPU.ActiveCfg = Debug|Any CPU
		{32418E89-FEF9-4A98-86BB-E85D8B55A2ED}.Debug|Any CPU.Build.0 = Debug|Any CPU
		{32418E89-FEF9-4A98-86BB-E85D8B55A2ED}.Release|Any CPU.ActiveCfg = Release|Any CPU
		{32418E89-FEF9-4A98-86BB-E85D8B55A2ED}.Release|Any CPU.Build.0 = Release|Any CPU
		{388C552D-F5B0-4893-B290-51F7AA5F4137}.Debug|Any CPU.ActiveCfg = Debug|Any CPU
		{388C552D-F5B0-4893-B290-51F7AA5F4137}.Debug|Any CPU.Build.0 = Debug|Any CPU
		{388C552D-F5B0-4893-B290-51F7AA5F4137}.Release|Any CPU.ActiveCfg = Release|Any CPU
		{388C552D-F5B0-4893-B290-51F7AA5F4137}.Release|Any CPU.Build.0 = Release|Any CPU
		{47820643-AAB7-4A48-8C53-C896B1A350C7}.Debug|Any CPU.ActiveCfg = Debug|Any CPU
		{47820643-AAB7-4A48-8C53-C896B1A350C7}.Debug|Any CPU.Build.0 = Debug|Any CPU
		{47820643-AAB7-4A48-8C53-C896B1A350C7}.Release|Any CPU.ActiveCfg = Release|Any CPU
		{47820643-AAB7-4A48-8C53-C896B1A350C7}.Release|Any CPU.Build.0 = Release|Any CPU
		{8B99F779-E7CB-42FB-A663-BB888FF1092D}.Debug|Any CPU.ActiveCfg = Debug|Any CPU
		{8B99F779-E7CB-42FB-A663-BB888FF1092D}.Debug|Any CPU.Build.0 = Debug|Any CPU
		{8B99F779-E7CB-42FB-A663-BB888FF1092D}.Release|Any CPU.ActiveCfg = Release|Any CPU
		{8B99F779-E7CB-42FB-A663-BB888FF1092D}.Release|Any CPU.Build.0 = Release|Any CPU
		{DACD934F-1957-4D35-8AAE-7FAC3022E630}.Debug|Any CPU.ActiveCfg = Debug|Any CPU
		{DACD934F-1957-4D35-8AAE-7FAC3022E630}.Debug|Any CPU.Build.0 = Debug|Any CPU
		{DACD934F-1957-4D35-8AAE-7FAC3022E630}.Release|Any CPU.ActiveCfg = Release|Any CPU
		{DACD934F-1957-4D35-8AAE-7FAC3022E630}.Release|Any CPU.Build.0 = Release|Any CPU
		{7564054C-E99C-47D1-8643-2E29096BA4C8}.Debug|Any CPU.ActiveCfg = Debug|Any CPU
		{7564054C-E99C-47D1-8643-2E29096BA4C8}.Debug|Any CPU.Build.0 = Debug|Any CPU
		{7564054C-E99C-47D1-8643-2E29096BA4C8}.Release|Any CPU.ActiveCfg = Release|Any CPU
		{7564054C-E99C-47D1-8643-2E29096BA4C8}.Release|Any CPU.Build.0 = Release|Any CPU
		{62F2FC7F-597C-4A57-95A9-A4F86C66F3F9}.Debug|Any CPU.ActiveCfg = Debug|Any CPU
		{62F2FC7F-597C-4A57-95A9-A4F86C66F3F9}.Debug|Any CPU.Build.0 = Debug|Any CPU
		{62F2FC7F-597C-4A57-95A9-A4F86C66F3F9}.Release|Any CPU.ActiveCfg = Release|Any CPU
		{62F2FC7F-597C-4A57-95A9-A4F86C66F3F9}.Release|Any CPU.Build.0 = Release|Any CPU
		{05D9B642-9FC0-4880-B9AE-BCDF5F2A5CEF}.Debug|Any CPU.ActiveCfg = Debug|Any CPU
		{05D9B642-9FC0-4880-B9AE-BCDF5F2A5CEF}.Debug|Any CPU.Build.0 = Debug|Any CPU
		{05D9B642-9FC0-4880-B9AE-BCDF5F2A5CEF}.Release|Any CPU.ActiveCfg = Release|Any CPU
		{05D9B642-9FC0-4880-B9AE-BCDF5F2A5CEF}.Release|Any CPU.Build.0 = Release|Any CPU
		{EDFB5D40-0F1B-4F04-A40F-1F62E6734895}.Debug|Any CPU.ActiveCfg = Debug|Any CPU
		{EDFB5D40-0F1B-4F04-A40F-1F62E6734895}.Debug|Any CPU.Build.0 = Debug|Any CPU
		{EDFB5D40-0F1B-4F04-A40F-1F62E6734895}.Release|Any CPU.ActiveCfg = Release|Any CPU
		{EDFB5D40-0F1B-4F04-A40F-1F62E6734895}.Release|Any CPU.Build.0 = Release|Any CPU
		{1AB73D5D-D778-4459-A92F-681746E35ED7}.Debug|Any CPU.ActiveCfg = Debug|Any CPU
		{1AB73D5D-D778-4459-A92F-681746E35ED7}.Debug|Any CPU.Build.0 = Debug|Any CPU
		{1AB73D5D-D778-4459-A92F-681746E35ED7}.Release|Any CPU.ActiveCfg = Release|Any CPU
		{1AB73D5D-D778-4459-A92F-681746E35ED7}.Release|Any CPU.Build.0 = Release|Any CPU
		{80AF9B50-569F-417E-81C2-8E71D079BE6A}.Debug|Any CPU.ActiveCfg = Debug|Any CPU
		{80AF9B50-569F-417E-81C2-8E71D079BE6A}.Debug|Any CPU.Build.0 = Debug|Any CPU
		{80AF9B50-569F-417E-81C2-8E71D079BE6A}.Release|Any CPU.ActiveCfg = Release|Any CPU
		{80AF9B50-569F-417E-81C2-8E71D079BE6A}.Release|Any CPU.Build.0 = Release|Any CPU
		{24F7674F-D724-464E-A45D-E1C64C1BC3B1}.Debug|Any CPU.ActiveCfg = Debug|Any CPU
		{24F7674F-D724-464E-A45D-E1C64C1BC3B1}.Debug|Any CPU.Build.0 = Debug|Any CPU
		{24F7674F-D724-464E-A45D-E1C64C1BC3B1}.Release|Any CPU.ActiveCfg = Release|Any CPU
		{24F7674F-D724-464E-A45D-E1C64C1BC3B1}.Release|Any CPU.Build.0 = Release|Any CPU
		{B90DB841-A1F7-4743-A9D0-3034D51BFB1F}.Debug|Any CPU.ActiveCfg = Debug|Any CPU
		{B90DB841-A1F7-4743-A9D0-3034D51BFB1F}.Debug|Any CPU.Build.0 = Debug|Any CPU
		{B90DB841-A1F7-4743-A9D0-3034D51BFB1F}.Release|Any CPU.ActiveCfg = Release|Any CPU
		{B90DB841-A1F7-4743-A9D0-3034D51BFB1F}.Release|Any CPU.Build.0 = Release|Any CPU
		{0AEB6F36-BCB7-45AF-8A37-FCE828F70338}.Debug|Any CPU.ActiveCfg = Debug|Any CPU
		{0AEB6F36-BCB7-45AF-8A37-FCE828F70338}.Debug|Any CPU.Build.0 = Debug|Any CPU
		{0AEB6F36-BCB7-45AF-8A37-FCE828F70338}.Release|Any CPU.ActiveCfg = Release|Any CPU
		{0AEB6F36-BCB7-45AF-8A37-FCE828F70338}.Release|Any CPU.Build.0 = Release|Any CPU
		{C7589BDB-E224-425B-BD13-EB93BC80B545}.Debug|Any CPU.ActiveCfg = Debug|Any CPU
		{C7589BDB-E224-425B-BD13-EB93BC80B545}.Debug|Any CPU.Build.0 = Debug|Any CPU
		{C7589BDB-E224-425B-BD13-EB93BC80B545}.Release|Any CPU.ActiveCfg = Release|Any CPU
		{C7589BDB-E224-425B-BD13-EB93BC80B545}.Release|Any CPU.Build.0 = Release|Any CPU
		{A7212F5C-9EF8-488E-993F-7910BD3C91A2}.Debug|Any CPU.ActiveCfg = Debug|Any CPU
		{A7212F5C-9EF8-488E-993F-7910BD3C91A2}.Debug|Any CPU.Build.0 = Debug|Any CPU
		{A7212F5C-9EF8-488E-993F-7910BD3C91A2}.Release|Any CPU.ActiveCfg = Release|Any CPU
		{A7212F5C-9EF8-488E-993F-7910BD3C91A2}.Release|Any CPU.Build.0 = Release|Any CPU
		{37ED34B3-0C2A-44E5-8D6F-89D91A7C1AAD}.Debug|Any CPU.ActiveCfg = Debug|Any CPU
		{37ED34B3-0C2A-44E5-8D6F-89D91A7C1AAD}.Debug|Any CPU.Build.0 = Debug|Any CPU
		{37ED34B3-0C2A-44E5-8D6F-89D91A7C1AAD}.Release|Any CPU.ActiveCfg = Release|Any CPU
		{37ED34B3-0C2A-44E5-8D6F-89D91A7C1AAD}.Release|Any CPU.Build.0 = Release|Any CPU
		{8EFB6C70-511B-4CA7-83E3-494D493AEE7B}.Debug|Any CPU.ActiveCfg = Debug|Any CPU
		{8EFB6C70-511B-4CA7-83E3-494D493AEE7B}.Debug|Any CPU.Build.0 = Debug|Any CPU
		{8EFB6C70-511B-4CA7-83E3-494D493AEE7B}.Release|Any CPU.ActiveCfg = Release|Any CPU
		{8EFB6C70-511B-4CA7-83E3-494D493AEE7B}.Release|Any CPU.Build.0 = Release|Any CPU
		{41CE3648-319C-4DA5-B6E0-00674F5251C1}.Debug|Any CPU.ActiveCfg = Debug|Any CPU
		{41CE3648-319C-4DA5-B6E0-00674F5251C1}.Debug|Any CPU.Build.0 = Debug|Any CPU
		{41CE3648-319C-4DA5-B6E0-00674F5251C1}.Release|Any CPU.ActiveCfg = Release|Any CPU
		{41CE3648-319C-4DA5-B6E0-00674F5251C1}.Release|Any CPU.Build.0 = Release|Any CPU
		{A9C1A638-210E-4A40-8221-BD48FAD20C1C}.Debug|Any CPU.ActiveCfg = Debug|Any CPU
		{A9C1A638-210E-4A40-8221-BD48FAD20C1C}.Debug|Any CPU.Build.0 = Debug|Any CPU
		{A9C1A638-210E-4A40-8221-BD48FAD20C1C}.Release|Any CPU.ActiveCfg = Release|Any CPU
		{A9C1A638-210E-4A40-8221-BD48FAD20C1C}.Release|Any CPU.Build.0 = Release|Any CPU
		{3FD10DD2-7E52-4B1C-BC23-9996823891FD}.Debug|Any CPU.ActiveCfg = Debug|Any CPU
		{3FD10DD2-7E52-4B1C-BC23-9996823891FD}.Debug|Any CPU.Build.0 = Debug|Any CPU
		{3FD10DD2-7E52-4B1C-BC23-9996823891FD}.Release|Any CPU.ActiveCfg = Release|Any CPU
		{3FD10DD2-7E52-4B1C-BC23-9996823891FD}.Release|Any CPU.Build.0 = Release|Any CPU
		{37A7720B-9E42-44A5-88EF-01ADD91E72C7}.Debug|Any CPU.ActiveCfg = Debug|Any CPU
		{37A7720B-9E42-44A5-88EF-01ADD91E72C7}.Debug|Any CPU.Build.0 = Debug|Any CPU
		{37A7720B-9E42-44A5-88EF-01ADD91E72C7}.Release|Any CPU.ActiveCfg = Release|Any CPU
		{37A7720B-9E42-44A5-88EF-01ADD91E72C7}.Release|Any CPU.Build.0 = Release|Any CPU
		{99BC4E58-495F-4E9B-BC6D-FB1ED4ABD0CA}.Debug|Any CPU.ActiveCfg = Debug|Any CPU
		{99BC4E58-495F-4E9B-BC6D-FB1ED4ABD0CA}.Debug|Any CPU.Build.0 = Debug|Any CPU
		{99BC4E58-495F-4E9B-BC6D-FB1ED4ABD0CA}.Release|Any CPU.ActiveCfg = Release|Any CPU
		{99BC4E58-495F-4E9B-BC6D-FB1ED4ABD0CA}.Release|Any CPU.Build.0 = Release|Any CPU
		{259CCB2C-8B02-4B29-A3A6-35C3E7EF2838}.Debug|Any CPU.ActiveCfg = Debug|Any CPU
		{259CCB2C-8B02-4B29-A3A6-35C3E7EF2838}.Debug|Any CPU.Build.0 = Debug|Any CPU
		{259CCB2C-8B02-4B29-A3A6-35C3E7EF2838}.Release|Any CPU.ActiveCfg = Release|Any CPU
		{259CCB2C-8B02-4B29-A3A6-35C3E7EF2838}.Release|Any CPU.Build.0 = Release|Any CPU
		{909D9A16-CB26-46E5-8BAE-61026E08E007}.Debug|Any CPU.ActiveCfg = Debug|Any CPU
		{909D9A16-CB26-46E5-8BAE-61026E08E007}.Debug|Any CPU.Build.0 = Debug|Any CPU
		{909D9A16-CB26-46E5-8BAE-61026E08E007}.Release|Any CPU.ActiveCfg = Release|Any CPU
		{909D9A16-CB26-46E5-8BAE-61026E08E007}.Release|Any CPU.Build.0 = Release|Any CPU
		{DA5D7114-620B-42A2-ACE8-80C54DE4AE07}.Debug|Any CPU.ActiveCfg = Debug|Any CPU
		{DA5D7114-620B-42A2-ACE8-80C54DE4AE07}.Debug|Any CPU.Build.0 = Debug|Any CPU
		{DA5D7114-620B-42A2-ACE8-80C54DE4AE07}.Release|Any CPU.ActiveCfg = Release|Any CPU
		{DA5D7114-620B-42A2-ACE8-80C54DE4AE07}.Release|Any CPU.Build.0 = Release|Any CPU
		{CEA46377-5039-4838-B85B-809BEFB18561}.Debug|Any CPU.ActiveCfg = Debug|Any CPU
		{CEA46377-5039-4838-B85B-809BEFB18561}.Debug|Any CPU.Build.0 = Debug|Any CPU
		{CEA46377-5039-4838-B85B-809BEFB18561}.Release|Any CPU.ActiveCfg = Release|Any CPU
		{CEA46377-5039-4838-B85B-809BEFB18561}.Release|Any CPU.Build.0 = Release|Any CPU
		{A76DEF47-9E96-4D2C-AABE-A0F702513E88}.Debug|Any CPU.ActiveCfg = Debug|Any CPU
		{A76DEF47-9E96-4D2C-AABE-A0F702513E88}.Debug|Any CPU.Build.0 = Debug|Any CPU
		{A76DEF47-9E96-4D2C-AABE-A0F702513E88}.Release|Any CPU.ActiveCfg = Release|Any CPU
		{A76DEF47-9E96-4D2C-AABE-A0F702513E88}.Release|Any CPU.Build.0 = Release|Any CPU
		{3092DC91-46E7-4FED-AA69-1CDD7ED3D4C2}.Debug|Any CPU.ActiveCfg = Debug|Any CPU
		{3092DC91-46E7-4FED-AA69-1CDD7ED3D4C2}.Debug|Any CPU.Build.0 = Debug|Any CPU
		{3092DC91-46E7-4FED-AA69-1CDD7ED3D4C2}.Release|Any CPU.ActiveCfg = Release|Any CPU
		{3092DC91-46E7-4FED-AA69-1CDD7ED3D4C2}.Release|Any CPU.Build.0 = Release|Any CPU
		{553249D2-85AB-46B1-862A-5DEF0C325E8E}.Debug|Any CPU.ActiveCfg = Debug|Any CPU
		{553249D2-85AB-46B1-862A-5DEF0C325E8E}.Debug|Any CPU.Build.0 = Debug|Any CPU
		{553249D2-85AB-46B1-862A-5DEF0C325E8E}.Release|Any CPU.ActiveCfg = Release|Any CPU
		{553249D2-85AB-46B1-862A-5DEF0C325E8E}.Release|Any CPU.Build.0 = Release|Any CPU
		{0A450C0B-DB90-40A7-9514-BBBA107AF5BB}.Debug|Any CPU.ActiveCfg = Debug|Any CPU
		{0A450C0B-DB90-40A7-9514-BBBA107AF5BB}.Debug|Any CPU.Build.0 = Debug|Any CPU
		{0A450C0B-DB90-40A7-9514-BBBA107AF5BB}.Release|Any CPU.ActiveCfg = Release|Any CPU
		{0A450C0B-DB90-40A7-9514-BBBA107AF5BB}.Release|Any CPU.Build.0 = Release|Any CPU
		{55A0A593-08E4-4AB3-97E9-2D52823358F1}.Debug|Any CPU.ActiveCfg = Debug|Any CPU
		{55A0A593-08E4-4AB3-97E9-2D52823358F1}.Debug|Any CPU.Build.0 = Debug|Any CPU
		{55A0A593-08E4-4AB3-97E9-2D52823358F1}.Release|Any CPU.ActiveCfg = Release|Any CPU
		{55A0A593-08E4-4AB3-97E9-2D52823358F1}.Release|Any CPU.Build.0 = Release|Any CPU
		{9FF3A93C-84D7-488D-9A63-362FE4B81CF8}.Debug|Any CPU.ActiveCfg = Debug|Any CPU
		{9FF3A93C-84D7-488D-9A63-362FE4B81CF8}.Debug|Any CPU.Build.0 = Debug|Any CPU
		{9FF3A93C-84D7-488D-9A63-362FE4B81CF8}.Release|Any CPU.ActiveCfg = Release|Any CPU
		{9FF3A93C-84D7-488D-9A63-362FE4B81CF8}.Release|Any CPU.Build.0 = Release|Any CPU
		{77B529FC-CE81-4037-821A-EED6D7A98FF5}.Debug|Any CPU.ActiveCfg = Debug|Any CPU
		{77B529FC-CE81-4037-821A-EED6D7A98FF5}.Debug|Any CPU.Build.0 = Debug|Any CPU
		{77B529FC-CE81-4037-821A-EED6D7A98FF5}.Release|Any CPU.ActiveCfg = Release|Any CPU
		{77B529FC-CE81-4037-821A-EED6D7A98FF5}.Release|Any CPU.Build.0 = Release|Any CPU
		{030A14C7-61B4-4102-8D22-8C7C685C27C1}.Debug|Any CPU.ActiveCfg = Debug|Any CPU
		{030A14C7-61B4-4102-8D22-8C7C685C27C1}.Debug|Any CPU.Build.0 = Debug|Any CPU
		{030A14C7-61B4-4102-8D22-8C7C685C27C1}.Release|Any CPU.ActiveCfg = Release|Any CPU
		{030A14C7-61B4-4102-8D22-8C7C685C27C1}.Release|Any CPU.Build.0 = Release|Any CPU
	EndGlobalSection
	GlobalSection(SolutionProperties) = preSolution
		HideSolutionNode = FALSE
	EndGlobalSection
	GlobalSection(NestedProjects) = preSolution
		{5D25D003-4B44-4506-B1C9-BEC0D66B4CB4} = {B5260217-77E2-4298-8D54-9AC957051BC5}
		{78EB2D5C-7DE1-4A43-A689-BF758E2D96AA} = {53B4B652-6143-40B8-92E5-95A9C8D1D254}
		{95FB207D-3D70-4DDD-8FDC-FCD087BDF429} = {B5260217-77E2-4298-8D54-9AC957051BC5}
		{E41EA2EA-9BBD-4548-919A-48569C25D13A} = {53B4B652-6143-40B8-92E5-95A9C8D1D254}
		{4E63552D-0BCA-4DFE-99DC-F910DD3C7EB1} = {53B4B652-6143-40B8-92E5-95A9C8D1D254}
		{0FD43975-0F3B-4D1B-9FC9-69F19D1159B9} = {53B4B652-6143-40B8-92E5-95A9C8D1D254}
		{D1D6731F-0BCB-4F57-A0D7-6D1A203C9B23} = {53B4B652-6143-40B8-92E5-95A9C8D1D254}
		{9ACF60D8-B713-427B-B14F-84EB19DE4836} = {B5260217-77E2-4298-8D54-9AC957051BC5}
		{2F5904ED-3D35-432B-B252-4EFDB17A6922} = {B5260217-77E2-4298-8D54-9AC957051BC5}
		{5154AC48-1147-4F01-B22E-118B8E47FD41} = {53B4B652-6143-40B8-92E5-95A9C8D1D254}
		{A93F408B-394B-4045-A27B-B211398632FC} = {53B4B652-6143-40B8-92E5-95A9C8D1D254}
		{719F3EF4-EEC7-45EE-A97D-A6678BC75D18} = {B5260217-77E2-4298-8D54-9AC957051BC5}
		{CE5A6788-CA9A-4955-BDE5-A071A93E34E7} = {B5260217-77E2-4298-8D54-9AC957051BC5}
		{4E73A5F8-23DD-424C-9E92-5B7C942DFC7A} = {B5260217-77E2-4298-8D54-9AC957051BC5}
		{09E4A2F4-7E8C-422F-B772-050963D5DB11} = {B5260217-77E2-4298-8D54-9AC957051BC5}
		{7B69D1B9-C3EF-4971-8561-58D722D0E419} = {53B4B652-6143-40B8-92E5-95A9C8D1D254}
		{DF5E8B79-F5BD-4A3D-9748-1C4F257CE849} = {53B4B652-6143-40B8-92E5-95A9C8D1D254}
		{E9291B47-2524-496B-B449-37460696BF10} = {53B4B652-6143-40B8-92E5-95A9C8D1D254}
		{05C639CD-7AC0-4C28-B5E2-E30E1C80B1DD} = {53B4B652-6143-40B8-92E5-95A9C8D1D254}
		{9BD6CEC4-D464-4277-A1E0-8F66F2540343} = {B5260217-77E2-4298-8D54-9AC957051BC5}
		{D59993E9-6C86-4175-B748-69344C0EC07D} = {53B4B652-6143-40B8-92E5-95A9C8D1D254}
		{BF6105CA-4538-4F47-9B6E-EC4A095FAB8C} = {53B4B652-6143-40B8-92E5-95A9C8D1D254}
		{CFD95F0A-083A-49D5-BB5E-D52C7DB8C662} = {B5260217-77E2-4298-8D54-9AC957051BC5}
		{E0F7989F-567C-4FE1-B2F2-4EE63A5F5918} = {53B4B652-6143-40B8-92E5-95A9C8D1D254}
		{F2AB0CD2-A253-41E0-9A2C-6C75DA61E0A4} = {53B4B652-6143-40B8-92E5-95A9C8D1D254}
		{49159329-DE2F-4BC7-BCAA-DFA99DF8E98F} = {B5260217-77E2-4298-8D54-9AC957051BC5}
		{BFAB95C5-D637-41F0-B93A-13D2CCE62BF3} = {B5260217-77E2-4298-8D54-9AC957051BC5}
		{C461DA61-6998-4819-ABED-4C1F91DA54BB} = {B5260217-77E2-4298-8D54-9AC957051BC5}
		{FBF04F4B-E9FA-4829-9A34-E2DCA15367DD} = {B5260217-77E2-4298-8D54-9AC957051BC5}
		{A85F70D4-F9C1-4B92-B5A0-D9A205E545DE} = {B5260217-77E2-4298-8D54-9AC957051BC5}
		{506A4092-74F7-4869-B2D1-2DBCE8CB4398} = {B5260217-77E2-4298-8D54-9AC957051BC5}
		{D927763B-6599-4B45-8B74-9EBBA823C282} = {B5260217-77E2-4298-8D54-9AC957051BC5}
		{E85EAC7C-A14D-4D25-96A9-6B4242F2679C} = {53B4B652-6143-40B8-92E5-95A9C8D1D254}
		{0C341FCB-06CD-451E-BA18-AEBC1A803FCB} = {53B4B652-6143-40B8-92E5-95A9C8D1D254}
		{A6BF1BE0-1C7C-4B23-87E8-0DBE8CC99342} = {53B4B652-6143-40B8-92E5-95A9C8D1D254}
		{35F9BAC0-D3FC-4D12-88B1-D98F1E1A4E48} = {53B4B652-6143-40B8-92E5-95A9C8D1D254}
		{32418E89-FEF9-4A98-86BB-E85D8B55A2ED} = {53B4B652-6143-40B8-92E5-95A9C8D1D254}
		{388C552D-F5B0-4893-B290-51F7AA5F4137} = {53B4B652-6143-40B8-92E5-95A9C8D1D254}
		{47820643-AAB7-4A48-8C53-C896B1A350C7} = {53B4B652-6143-40B8-92E5-95A9C8D1D254}
		{8B99F779-E7CB-42FB-A663-BB888FF1092D} = {B5260217-77E2-4298-8D54-9AC957051BC5}
		{DACD934F-1957-4D35-8AAE-7FAC3022E630} = {B5260217-77E2-4298-8D54-9AC957051BC5}
		{7564054C-E99C-47D1-8643-2E29096BA4C8} = {B5260217-77E2-4298-8D54-9AC957051BC5}
		{62F2FC7F-597C-4A57-95A9-A4F86C66F3F9} = {53B4B652-6143-40B8-92E5-95A9C8D1D254}
		{05D9B642-9FC0-4880-B9AE-BCDF5F2A5CEF} = {B5260217-77E2-4298-8D54-9AC957051BC5}
		{EDFB5D40-0F1B-4F04-A40F-1F62E6734895} = {53B4B652-6143-40B8-92E5-95A9C8D1D254}
		{1AB73D5D-D778-4459-A92F-681746E35ED7} = {53B4B652-6143-40B8-92E5-95A9C8D1D254}
		{80AF9B50-569F-417E-81C2-8E71D079BE6A} = {53B4B652-6143-40B8-92E5-95A9C8D1D254}
		{24F7674F-D724-464E-A45D-E1C64C1BC3B1} = {53B4B652-6143-40B8-92E5-95A9C8D1D254}
		{B90DB841-A1F7-4743-A9D0-3034D51BFB1F} = {53B4B652-6143-40B8-92E5-95A9C8D1D254}
		{0AEB6F36-BCB7-45AF-8A37-FCE828F70338} = {53B4B652-6143-40B8-92E5-95A9C8D1D254}
		{C7589BDB-E224-425B-BD13-EB93BC80B545} = {53B4B652-6143-40B8-92E5-95A9C8D1D254}
		{A7212F5C-9EF8-488E-993F-7910BD3C91A2} = {B5260217-77E2-4298-8D54-9AC957051BC5}
		{37ED34B3-0C2A-44E5-8D6F-89D91A7C1AAD} = {53B4B652-6143-40B8-92E5-95A9C8D1D254}
		{8EFB6C70-511B-4CA7-83E3-494D493AEE7B} = {B5260217-77E2-4298-8D54-9AC957051BC5}
		{41CE3648-319C-4DA5-B6E0-00674F5251C1} = {B5260217-77E2-4298-8D54-9AC957051BC5}
		{A9C1A638-210E-4A40-8221-BD48FAD20C1C} = {B5260217-77E2-4298-8D54-9AC957051BC5}
		{3FD10DD2-7E52-4B1C-BC23-9996823891FD} = {53B4B652-6143-40B8-92E5-95A9C8D1D254}
		{37A7720B-9E42-44A5-88EF-01ADD91E72C7} = {53B4B652-6143-40B8-92E5-95A9C8D1D254}
		{99BC4E58-495F-4E9B-BC6D-FB1ED4ABD0CA} = {53B4B652-6143-40B8-92E5-95A9C8D1D254}
		{259CCB2C-8B02-4B29-A3A6-35C3E7EF2838} = {B5260217-77E2-4298-8D54-9AC957051BC5}
		{909D9A16-CB26-46E5-8BAE-61026E08E007} = {B5260217-77E2-4298-8D54-9AC957051BC5}
		{DA5D7114-620B-42A2-ACE8-80C54DE4AE07} = {B5260217-77E2-4298-8D54-9AC957051BC5}
		{CEA46377-5039-4838-B85B-809BEFB18561} = {B5260217-77E2-4298-8D54-9AC957051BC5}
		{A76DEF47-9E96-4D2C-AABE-A0F702513E88} = {53B4B652-6143-40B8-92E5-95A9C8D1D254}
		{3092DC91-46E7-4FED-AA69-1CDD7ED3D4C2} = {53B4B652-6143-40B8-92E5-95A9C8D1D254}
		{553249D2-85AB-46B1-862A-5DEF0C325E8E} = {53B4B652-6143-40B8-92E5-95A9C8D1D254}
		{0A450C0B-DB90-40A7-9514-BBBA107AF5BB} = {53B4B652-6143-40B8-92E5-95A9C8D1D254}
		{55A0A593-08E4-4AB3-97E9-2D52823358F1} = {53B4B652-6143-40B8-92E5-95A9C8D1D254}
		{9FF3A93C-84D7-488D-9A63-362FE4B81CF8} = {53B4B652-6143-40B8-92E5-95A9C8D1D254}
		{77B529FC-CE81-4037-821A-EED6D7A98FF5} = {53B4B652-6143-40B8-92E5-95A9C8D1D254}
		{030A14C7-61B4-4102-8D22-8C7C685C27C1} = {B5260217-77E2-4298-8D54-9AC957051BC5}
	EndGlobalSection
	GlobalSection(ExtensibilityGlobals) = postSolution
		SolutionGuid = {0EE1B812-EC83-4074-A091-715B613C8EA1}
	EndGlobalSection
EndGlobal
